
Microsoft Visual Studio Solution File, Format Version 12.00
# Visual Studio Version 17
VisualStudioVersion = 17.7.34031.279
MinimumVisualStudioVersion = 10.0.40219.1
Project("{FAE04EC0-301F-11D3-BF4B-00C04F79EFBC}") = "BlazorApp.Server", "BlazorApp\Server\BlazorApp.Server.csproj", "{AFB87CDF-B664-44FD-BF49-ED4E59752ED7}"
EndProject
Project("{FAE04EC0-301F-11D3-BF4B-00C04F79EFBC}") = "BlazorApp.Client", "BlazorApp\Client\BlazorApp.Client.csproj", "{708F3A47-9E94-4B6A-918E-0D773C2AF6F3}"
EndProject
Project("{FAE04EC0-301F-11D3-BF4B-00C04F79EFBC}") = "BlazorApp.Shared", "BlazorApp\Shared\BlazorApp.Shared.csproj", "{C31F0DAB-7977-4B5A-90C5-6C6B7C9343A8}"
EndProject
Global
	GlobalSection(SolutionConfigurationPlatforms) = preSolution
		Debug|Any CPU = Debug|Any CPU
		Release|Any CPU = Release|Any CPU
	EndGlobalSection
	GlobalSection(ProjectConfigurationPlatforms) = postSolution
		{AFB87CDF-B664-44FD-BF49-ED4E59752ED7}.Debug|Any CPU.ActiveCfg = Debug|Any CPU
		{AFB87CDF-B664-44FD-BF49-ED4E59752ED7}.Debug|Any CPU.Build.0 = Debug|Any CPU
		{AFB87CDF-B664-44FD-BF49-ED4E59752ED7}.Release|Any CPU.ActiveCfg = Release|Any CPU
		{AFB87CDF-B664-44FD-BF49-ED4E59752ED7}.Release|Any CPU.Build.0 = Release|Any CPU
		{708F3A47-9E94-4B6A-918E-0D773C2AF6F3}.Debug|Any CPU.ActiveCfg = Debug|Any CPU
		{708F3A47-9E94-4B6A-918E-0D773C2AF6F3}.Debug|Any CPU.Build.0 = Debug|Any CPU
		{708F3A47-9E94-4B6A-918E-0D773C2AF6F3}.Release|Any CPU.ActiveCfg = Release|Any CPU
		{708F3A47-9E94-4B6A-918E-0D773C2AF6F3}.Release|Any CPU.Build.0 = Release|Any CPU
		{C31F0DAB-7977-4B5A-90C5-6C6B7C9343A8}.Debug|Any CPU.ActiveCfg = Debug|Any CPU
		{C31F0DAB-7977-4B5A-90C5-6C6B7C9343A8}.Debug|Any CPU.Build.0 = Debug|Any CPU
		{C31F0DAB-7977-4B5A-90C5-6C6B7C9343A8}.Release|Any CPU.ActiveCfg = Release|Any CPU
		{C31F0DAB-7977-4B5A-90C5-6C6B7C9343A8}.Release|Any CPU.Build.0 = Release|Any CPU
	EndGlobalSection
	GlobalSection(SolutionProperties) = preSolution
		HideSolutionNode = FALSE
	EndGlobalSection
	GlobalSection(ExtensibilityGlobals) = postSolution
		SolutionGuid = {6BF2EDC6-843C-4093-AD7B-8AA1265A6248}
	EndGlobalSection
EndGlobal
